
Microsoft Visual Studio Solution File, Format Version 12.00
# Visual Studio Version 16
VisualStudioVersion = 16.0.29509.3
MinimumVisualStudioVersion = 10.0.40219.1
Project("{9A19103F-16F7-4668-BE54-9A1E7A4F7556}") = "FlyAirLine.Console", "FlyAirLine.Console\FlyAirLine.Console.csproj", "{855D669D-4455-41BC-9264-6BB3D1D35CE1}"
EndProject
Project("{2150E333-8FDC-42A3-9474-1A3956D46DE8}") = "1.0-Presentation", "1.0-Presentation", "{C11C6781-ECAF-4C2A-9265-5102A0C1BF1F}"
EndProject
Project("{2150E333-8FDC-42A3-9474-1A3956D46DE8}") = "2.0-Aplication", "2.0-Aplication", "{25EDF5C2-CF11-4DC3-970D-21DF47780432}"
EndProject
Project("{2150E333-8FDC-42A3-9474-1A3956D46DE8}") = "3.0-Domain", "3.0-Domain", "{A3720965-5D30-4C33-BEDF-CBD859A036D7}"
EndProject
Project("{2150E333-8FDC-42A3-9474-1A3956D46DE8}") = "4.0-Infrastructure", "4.0-Infrastructure", "{37A1B70F-55AC-4159-A9AF-34220582681C}"
EndProject
Project("{9A19103F-16F7-4668-BE54-9A1E7A4F7556}") = "FlyAirLine.Domain", "FlyAirLine.Domain\FlyAirLine.Domain.csproj", "{BF384310-AD75-4335-9049-5A5AB3587823}"
EndProject
Project("{9A19103F-16F7-4668-BE54-9A1E7A4F7556}") = "FlyAirLine.Aplication", "FlyAirLine.Aplication\FlyAirLine.Aplication.csproj", "{16363F65-B14B-478E-A147-E247B61273E3}"
EndProject
Project("{2150E333-8FDC-42A3-9474-1A3956D46DE8}") = "4.2-CrossCutting", "4.2-CrossCutting", "{117D867F-D9F3-4045-A769-2AF231347B35}"
EndProject
Project("{9A19103F-16F7-4668-BE54-9A1E7A4F7556}") = "FlyAirLine.Infra.CrossCutting.Common", "FlyAirLine.Infra.Common\FlyAirLine.Infra.CrossCutting.Common.csproj", "{45762DBD-E955-4166-BF05-55A0B12F6BE6}"
EndProject
Project("{2150E333-8FDC-42A3-9474-1A3956D46DE8}") = "1.1-Console", "1.1-Console", "{97A549AE-16A0-4EF4-924B-D848E954DDAA}"
EndProject
Project("{2150E333-8FDC-42A3-9474-1A3956D46DE8}") = "1.2-API", "1.2-API", "{62503CF6-CA4B-4080-9A1C-8F247381B8BB}"
EndProject
Project("{9A19103F-16F7-4668-BE54-9A1E7A4F7556}") = "FlyAirLine.API", "FlyAirLine.API\FlyAirLine.API.csproj", "{C70A6A4D-5813-4E84-B6C0-D5909D6F8688}"
EndProject
Project("{2150E333-8FDC-42A3-9474-1A3956D46DE8}") = "4.1-Data", "4.1-Data", "{E9DA3A13-BE2F-40A7-AE25-E2E67D7EACE5}"
EndProject
Project("{9A19103F-16F7-4668-BE54-9A1E7A4F7556}") = "FlyAirLine.Infra.Repository", "FlyAirLine.Infra.Repository\FlyAirLine.Infra.Repository.csproj", "{E37E0A28-7918-4B24-A3DC-56EBA68413A1}"
EndProject
Global
	GlobalSection(SolutionConfigurationPlatforms) = preSolution
		Debug|Any CPU = Debug|Any CPU
		Release|Any CPU = Release|Any CPU
	EndGlobalSection
	GlobalSection(ProjectConfigurationPlatforms) = postSolution
		{855D669D-4455-41BC-9264-6BB3D1D35CE1}.Debug|Any CPU.ActiveCfg = Debug|Any CPU
		{855D669D-4455-41BC-9264-6BB3D1D35CE1}.Debug|Any CPU.Build.0 = Debug|Any CPU
		{855D669D-4455-41BC-9264-6BB3D1D35CE1}.Release|Any CPU.ActiveCfg = Release|Any CPU
		{855D669D-4455-41BC-9264-6BB3D1D35CE1}.Release|Any CPU.Build.0 = Release|Any CPU
		{BF384310-AD75-4335-9049-5A5AB3587823}.Debug|Any CPU.ActiveCfg = Debug|Any CPU
		{BF384310-AD75-4335-9049-5A5AB3587823}.Debug|Any CPU.Build.0 = Debug|Any CPU
		{BF384310-AD75-4335-9049-5A5AB3587823}.Release|Any CPU.ActiveCfg = Release|Any CPU
		{BF384310-AD75-4335-9049-5A5AB3587823}.Release|Any CPU.Build.0 = Release|Any CPU
		{16363F65-B14B-478E-A147-E247B61273E3}.Debug|Any CPU.ActiveCfg = Debug|Any CPU
		{16363F65-B14B-478E-A147-E247B61273E3}.Debug|Any CPU.Build.0 = Debug|Any CPU
		{16363F65-B14B-478E-A147-E247B61273E3}.Release|Any CPU.ActiveCfg = Release|Any CPU
		{16363F65-B14B-478E-A147-E247B61273E3}.Release|Any CPU.Build.0 = Release|Any CPU
		{45762DBD-E955-4166-BF05-55A0B12F6BE6}.Debug|Any CPU.ActiveCfg = Debug|Any CPU
		{45762DBD-E955-4166-BF05-55A0B12F6BE6}.Debug|Any CPU.Build.0 = Debug|Any CPU
		{45762DBD-E955-4166-BF05-55A0B12F6BE6}.Release|Any CPU.ActiveCfg = Release|Any CPU
		{45762DBD-E955-4166-BF05-55A0B12F6BE6}.Release|Any CPU.Build.0 = Release|Any CPU
		{C70A6A4D-5813-4E84-B6C0-D5909D6F8688}.Debug|Any CPU.ActiveCfg = Debug|Any CPU
		{C70A6A4D-5813-4E84-B6C0-D5909D6F8688}.Debug|Any CPU.Build.0 = Debug|Any CPU
		{C70A6A4D-5813-4E84-B6C0-D5909D6F8688}.Release|Any CPU.ActiveCfg = Release|Any CPU
		{C70A6A4D-5813-4E84-B6C0-D5909D6F8688}.Release|Any CPU.Build.0 = Release|Any CPU
		{E37E0A28-7918-4B24-A3DC-56EBA68413A1}.Debug|Any CPU.ActiveCfg = Debug|Any CPU
		{E37E0A28-7918-4B24-A3DC-56EBA68413A1}.Debug|Any CPU.Build.0 = Debug|Any CPU
		{E37E0A28-7918-4B24-A3DC-56EBA68413A1}.Release|Any CPU.ActiveCfg = Release|Any CPU
		{E37E0A28-7918-4B24-A3DC-56EBA68413A1}.Release|Any CPU.Build.0 = Release|Any CPU
	EndGlobalSection
	GlobalSection(SolutionProperties) = preSolution
		HideSolutionNode = FALSE
	EndGlobalSection
	GlobalSection(NestedProjects) = preSolution
		{855D669D-4455-41BC-9264-6BB3D1D35CE1} = {97A549AE-16A0-4EF4-924B-D848E954DDAA}
		{BF384310-AD75-4335-9049-5A5AB3587823} = {A3720965-5D30-4C33-BEDF-CBD859A036D7}
		{16363F65-B14B-478E-A147-E247B61273E3} = {25EDF5C2-CF11-4DC3-970D-21DF47780432}
		{117D867F-D9F3-4045-A769-2AF231347B35} = {37A1B70F-55AC-4159-A9AF-34220582681C}
		{45762DBD-E955-4166-BF05-55A0B12F6BE6} = {117D867F-D9F3-4045-A769-2AF231347B35}
		{97A549AE-16A0-4EF4-924B-D848E954DDAA} = {C11C6781-ECAF-4C2A-9265-5102A0C1BF1F}
		{62503CF6-CA4B-4080-9A1C-8F247381B8BB} = {C11C6781-ECAF-4C2A-9265-5102A0C1BF1F}
		{C70A6A4D-5813-4E84-B6C0-D5909D6F8688} = {62503CF6-CA4B-4080-9A1C-8F247381B8BB}
		{E9DA3A13-BE2F-40A7-AE25-E2E67D7EACE5} = {37A1B70F-55AC-4159-A9AF-34220582681C}
		{E37E0A28-7918-4B24-A3DC-56EBA68413A1} = {E9DA3A13-BE2F-40A7-AE25-E2E67D7EACE5}
	EndGlobalSection
	GlobalSection(ExtensibilityGlobals) = postSolution
		SolutionGuid = {5ED480C1-E3D9-484C-A7F0-BDBE91ACCD9E}
	EndGlobalSection
EndGlobal
